{
  "name": "sample-vuejs",
  "version": "0.1.0",
  "lockfileVersion": 1,
  "requires": true,
  "dependencies": {
    "@syncfusion/ej2-base": {
      "version": "19.2.44",
      "resolved": "https://registry.npmjs.org/@syncfusion/ej2-base/-/ej2-base-19.2.44.tgz",
      "integrity": "sha512-tDk1MKvbTcErY/Byq178o93ti9YI1g9g5Vd4YGqyO26ZwMRy88JD0I274KIWhWHZUbMiAY8c8VnB30TjB8zljg==",
      "requires": {
        "@syncfusion/ej2-icons": "~19.2.44"
      }
    },
    "@syncfusion/ej2-buttons": {
      "version": "19.2.44",
      "resolved": "https://registry.npmjs.org/@syncfusion/ej2-buttons/-/ej2-buttons-19.2.44.tgz",
      "integrity": "sha512-4HB+T+XWlP0zj0BMZOM1XvjkvTqh6PQ66r/qurM8Id9c6dJJf4udP9Sl4KRGLY7n7NlvIS1diit6/XOtCoOdqQ==",
      "requires": {
        "@syncfusion/ej2-base": "~19.2.44"
      }
    },
    "@syncfusion/ej2-data": {
      "version": "19.2.44",
      "resolved": "https://registry.npmjs.org/@syncfusion/ej2-data/-/ej2-data-19.2.44.tgz",
      "integrity": "sha512-Cnw7RqqzaBKKV37CHpeJj/BGUO5enPqoiJilUfhBrVWTJXDwXn1Pncb5A0rERTaFjhPw69aSIi1HH2/wdxqhUw==",
      "requires": {
        "@syncfusion/ej2-base": "~19.2.44"
      }
    },
    "@syncfusion/ej2-dropdowns": {
      "version": "19.2.44",
      "resolved": "https://registry.npmjs.org/@syncfusion/ej2-dropdowns/-/ej2-dropdowns-19.2.44.tgz",
      "integrity": "sha512-sI7UIIkSSR/EmVWOcYFwf7pbhjARFvjGT7riGlRNhJkO6VkqXpas77zD/QpLWS4pB+Ooy55N/IaZDvVX9+dYnQ==",
      "requires": {
        "@syncfusion/ej2-base": "~19.2.44",
        "@syncfusion/ej2-data": "~19.2.44",
        "@syncfusion/ej2-inputs": "~19.2.44",
        "@syncfusion/ej2-lists": "~19.2.44",
        "@syncfusion/ej2-navigations": "~19.2.44",
        "@syncfusion/ej2-popups": "~19.2.44"
      }
    },
    "@syncfusion/ej2-icons": {
      "version": "19.2.44",
      "resolved": "https://registry.npmjs.org/@syncfusion/ej2-icons/-/ej2-icons-19.2.44.tgz",
      "integrity": "sha512-FXOQ6L90aLgn9ab6hUlX4TG01ztqy974DqxF/8JCIkT+V0BBbDdcQ/un5+j71elXtH5EpNYA6WjnVLiisuoZoA=="
    },
    "@syncfusion/ej2-inputs": {
      "version": "19.2.44",
      "resolved": "https://registry.npmjs.org/@syncfusion/ej2-inputs/-/ej2-inputs-19.2.44.tgz",
      "integrity": "sha512-HbPfvtpYyLQdMe6zbsD1TbRTl4KMe5N/IlO5clSza9rnp+bzB4hhcoPc3ehD51IJv29pSMzyhYlGD8iVa71CZQ==",
      "requires": {
        "@syncfusion/ej2-base": "~19.2.44",
        "@syncfusion/ej2-buttons": "~19.2.44",
        "@syncfusion/ej2-popups": "~19.2.44",
        "@syncfusion/ej2-splitbuttons": "~19.2.44"
      }
    },
    "@syncfusion/ej2-lists": {
      "version": "19.2.44",
      "resolved": "https://registry.npmjs.org/@syncfusion/ej2-lists/-/ej2-lists-19.2.44.tgz",
      "integrity": "sha512-EBLEWo5RTvoisP1U6MRSSAvSS1WxfZ/meg+fzTA2sOrkY1KYkmcY1sq7HBswZc8vRbMHPUZA5nNr3/5Dp+y3WQ==",
      "requires": {
        "@syncfusion/ej2-base": "~19.2.44",
        "@syncfusion/ej2-buttons": "~19.2.44",
        "@syncfusion/ej2-data": "~19.2.44"
      }
    },
    "@syncfusion/ej2-navigations": {
      "version": "19.2.44",
      "resolved": "https://registry.npmjs.org/@syncfusion/ej2-navigations/-/ej2-navigations-19.2.44.tgz",
      "integrity": "sha512-JO7lhKfSj9pWaVp2L4voDDHyl21aZ9FFQ2iPKVlrKWBs5Ro72mA6HuNSZKIoiGJhbyD4TQQAsHPoH3x7AJCVNA==",
      "requires": {
        "@syncfusion/ej2-base": "~19.2.44",
        "@syncfusion/ej2-buttons": "~19.2.44",
        "@syncfusion/ej2-data": "~19.2.44",
        "@syncfusion/ej2-inputs": "~19.2.44",
        "@syncfusion/ej2-lists": "~19.2.44",
        "@syncfusion/ej2-popups": "~19.2.44"
      }
    },
    "@syncfusion/ej2-popups": {
      "version": "19.2.44",
      "resolved": "https://registry.npmjs.org/@syncfusion/ej2-popups/-/ej2-popups-19.2.44.tgz",
      "integrity": "sha512-WZLkbHvW6VpfhwgMng9U2knZmeF4ECuXcXH6Wkc8zxfKzuaSI4WQn/MXxC9wd+WquYGrMxPz4zpolBnEiVDmsQ==",
      "requires": {
        "@syncfusion/ej2-base": "~19.2.44",
        "@syncfusion/ej2-buttons": "~19.2.44"
      }
    },
    "@syncfusion/ej2-splitbuttons": {
      "version": "19.2.44",
      "resolved": "https://registry.npmjs.org/@syncfusion/ej2-splitbuttons/-/ej2-splitbuttons-19.2.44.tgz",
      "integrity": "sha512-NPzyezW1WaGp1jp/ISVwKnmFEx7ZXYI4Dlkismei05ixHehHc3Gl9wvhbfu207mxrgYY380M7YF7XTB6FEjTpQ==",
      "requires": {
        "@syncfusion/ej2-base": "~19.2.44",
        "@syncfusion/ej2-popups": "~19.2.44"
      }
    },
    "@syncfusion/ej2-vue-base": {
      "version": "19.2.46",
      "resolved": "https://registry.npmjs.org/@syncfusion/ej2-vue-base/-/ej2-vue-base-19.2.46.tgz",
      "integrity": "sha512-nkqkPNps4nq/wFiLsqJ9KrLAkGIEJTU7sxfHO+ALmjYDgTwfoKQxUCEOBH4+nVAfGtCoALLvhTJ4oAKjf0txrg==",
      "requires": {
        "@syncfusion/ej2-base": "~19.2.44",
        "glob": "^7.0.5"
      }
    },
    "@syncfusion/ej2-vue-dropdowns": {
      "version": "19.2.44",
      "resolved": "https://registry.npmjs.org/@syncfusion/ej2-vue-dropdowns/-/ej2-vue-dropdowns-19.2.44.tgz",
      "integrity": "sha512-x1XV5nHOl4dDoVVdGDLSza+4uayiqBhvnWy2bgA9+FdO7NxJLpkQKS8nvri8j9hgmPUlhARzBv7m/LPXWi1Cww==",
      "requires": {
        "@syncfusion/ej2-base": "~19.2.44",
        "@syncfusion/ej2-dropdowns": "19.2.44",
        "@syncfusion/ej2-vue-base": "~19.2.44"
      }
    },
    "axios": {
      "version": "0.21.1",
      "resolved": "https://registry.npmjs.org/axios/-/axios-0.21.1.tgz",
      "integrity": "sha512-dKQiRHxGD9PPRIUNIWvZhPTPpl1rf/OxTYKsqKUDjBwYylTvV7SjSHJb9ratfyzM6wCdLCOYLzs73qpg5c4iGA==",
      "requires": {
        "follow-redirects": "^1.10.0"
      }
    },
    "balanced-match": {
      "version": "1.0.2",
      "resolved": "https://registry.npmjs.org/balanced-match/-/balanced-match-1.0.2.tgz",
      "integrity": "sha512-3oSeUO0TMV67hN1AmbXsK4yaqU7tjiHlbxRDZOpH0KW9+CeX4bRAaX0Anxt0tx2MrpRpWwQaPwIlISEJhYU5Pw=="
    },
    "brace-expansion": {
      "version": "1.1.11",
      "resolved": "https://registry.npmjs.org/brace-expansion/-/brace-expansion-1.1.11.tgz",
      "integrity": "sha512-iCuPHDFgrHX7H2vEI/5xpz07zSHB00TpugqhmYtVmMO6518mCuRMoOYFldEBl0g187ufozdaHgWKcYFb61qGiA==",
      "requires": {
        "balanced-match": "^1.0.0",
        "concat-map": "0.0.1"
      }
    },
    "concat-map": {
      "version": "0.0.1",
      "resolved": "https://registry.npmjs.org/concat-map/-/concat-map-0.0.1.tgz",
      "integrity": "sha1-2Klr13/Wjfd5OnMDajug1UBdR3s="
    },
    "core-js": {
      "version": "3.13.1",
      "resolved": "https://registry.npmjs.org/core-js/-/core-js-3.13.1.tgz",
      "integrity": "sha512-JqveUc4igkqwStL2RTRn/EPFGBOfEZHxJl/8ej1mXJR75V3go2mFF4bmUYkEIT1rveHKnkUlcJX/c+f1TyIovQ=="
    },
    "de-indent": {
      "version": "1.0.2",
      "resolved": "https://registry.npmjs.org/de-indent/-/de-indent-1.0.2.tgz",
      "integrity": "sha1-sgOOhG3DO6pXlhKNCAS0VbjB4h0=",
      "dev": true
    },
    "follow-redirects": {
      "version": "1.14.1",
      "resolved": "https://registry.npmjs.org/follow-redirects/-/follow-redirects-1.14.1.tgz",
      "integrity": "sha512-HWqDgT7ZEkqRzBvc2s64vSZ/hfOceEol3ac/7tKwzuvEyWx3/4UegXh5oBOIotkGsObyk3xznnSRVADBgWSQVg=="
    },
    "fs.realpath": {
      "version": "1.0.0",
      "resolved": "https://registry.npmjs.org/fs.realpath/-/fs.realpath-1.0.0.tgz",
      "integrity": "sha1-FQStJSMVjKpA20onh8sBQRmU6k8="
    },
    "glob": {
      "version": "7.1.7",
      "resolved": "https://registry.npmjs.org/glob/-/glob-7.1.7.tgz",
      "integrity": "sha512-OvD9ENzPLbegENnYP5UUfJIirTg4+XwMWGaQfQTY0JenxNvvIKP3U3/tAQSPIu/lHxXYSZmpXlUHeqAIdKzBLQ==",
      "requires": {
        "fs.realpath": "^1.0.0",
        "inflight": "^1.0.4",
        "inherits": "2",
        "minimatch": "^3.0.4",
        "once": "^1.3.0",
        "path-is-absolute": "^1.0.0"
      }
    },
    "he": {
      "version": "1.2.0",
      "resolved": "https://registry.npmjs.org/he/-/he-1.2.0.tgz",
      "integrity": "sha512-F/1DnUGPopORZi0ni+CvrCgHQ5FyEAHRLSApuYWMmrbSwoN2Mn/7k+Gl38gJnR7yyDZk6WLXwiGod1JOWNDKGw==",
      "dev": true
    },
    "inflight": {
      "version": "1.0.6",
      "resolved": "https://registry.npmjs.org/inflight/-/inflight-1.0.6.tgz",
      "integrity": "sha1-Sb1jMdfQLQwJvJEKEHW6gWW1bfk=",
      "requires": {
        "once": "^1.3.0",
        "wrappy": "1"
      }
    },
    "inherits": {
      "version": "2.0.4",
      "resolved": "https://registry.npmjs.org/inherits/-/inherits-2.0.4.tgz",
      "integrity": "sha512-k/vGaX4/Yla3WzyMCvTQOXYeIHvqOKtnqBduzTHpzpQZzAskKMhZ2K+EnBiSM9zGSoIFeMpXKxa4dYeZIQqewQ=="
    },
    "jquery": {
      "version": "3.6.0",
      "resolved": "https://registry.npmjs.org/jquery/-/jquery-3.6.0.tgz",
      "integrity": "sha512-JVzAR/AjBvVt2BmYhxRCSYysDsPcssdmTFnzyLEts9qNwmjmu4JTAMYubEfwVOSwpQ1I1sKKFcxhZCI2buerfw=="
    },
    "minimatch": {
      "version": "3.0.4",
      "resolved": "https://registry.npmjs.org/minimatch/-/minimatch-3.0.4.tgz",
      "integrity": "sha512-yJHVQEhyqPLUTgt9B83PXu6W3rx4MvvHvSUvToogpwoGDOUQ+yDrR0HRot+yOCdCO7u4hX3pWft6kWBBcqh0UA==",
      "requires": {
        "brace-expansion": "^1.1.7"
      }
    },
    "once": {
      "version": "1.4.0",
      "resolved": "https://registry.npmjs.org/once/-/once-1.4.0.tgz",
      "integrity": "sha1-WDsap3WWHUsROsF9nFC6753Xa9E=",
      "requires": {
        "wrappy": "1"
      }
    },
    "path-is-absolute": {
      "version": "1.0.1",
      "resolved": "https://registry.npmjs.org/path-is-absolute/-/path-is-absolute-1.0.1.tgz",
      "integrity": "sha1-F0uSaHNVNP+8es5r9TpanhtcX18="
    },
    "vue": {
      "version": "2.6.12",
      "resolved": "https://registry.npmjs.org/vue/-/vue-2.6.12.tgz",
      "integrity": "sha512-uhmLFETqPPNyuLLbsKz6ioJ4q7AZHzD8ZVFNATNyICSZouqP2Sz0rotWQC8UNBF6VGSCs5abnKJoStA6JbCbfg=="
    },
    "vue-router": {
      "version": "3.5.2",
      "resolved": "https://registry.npmjs.org/vue-router/-/vue-router-3.5.2.tgz",
      "integrity": "sha512-807gn82hTnjCYGrnF3eNmIw/dk7/GE4B5h69BlyCK9KHASwSloD1Sjcn06zg9fVG4fYH2DrsNBZkpLtb25WtaQ=="
    },
    "vue-template-compiler": {
      "version": "2.6.12",
      "resolved": "https://registry.npmjs.org/vue-template-compiler/-/vue-template-compiler-2.6.12.tgz",
      "integrity": "sha512-OzzZ52zS41YUbkCBfdXShQTe69j1gQDZ9HIX8miuC9C3rBCk9wIRjLiZZLrmX9V+Ftq/YEyv1JaVr5Y/hNtByg==",
      "dev": true,
      "requires": {
        "de-indent": "^1.0.2",
        "he": "^1.1.0"
      }
    },
    "vuex": {
      "version": "3.6.2",
      "resolved": "https://registry.npmjs.org/vuex/-/vuex-3.6.2.tgz",
      "integrity": "sha512-ETW44IqCgBpVomy520DT5jf8n0zoCac+sxWnn+hMe/CzaSejb/eVw2YToiXYX+Ex/AuHHia28vWTq4goAexFbw=="
    },
    "wrappy": {
      "version": "1.0.2",
      "resolved": "https://registry.npmjs.org/wrappy/-/wrappy-1.0.2.tgz",
      "integrity": "sha1-tSQ9jz7BqjXxNkYFvA0QNuMKtp8="
    }
  }
}
